
Microsoft Visual Studio Solution File, Format Version 12.00
# Visual Studio Version 17
VisualStudioVersion = 17.2.32602.215
MinimumVisualStudioVersion = 10.0.40219.1
Project("{FAE04EC0-301F-11D3-BF4B-00C04F79EFBC}") = "BombPlanes_final", "BombPlanes_final.csproj", "{4620DF9C-968D-42FA-A284-A6BDDBCB3891}"
EndProject
Global
	GlobalSection(SolutionConfigurationPlatforms) = preSolution
		Debug|Any CPU = Debug|Any CPU
		Release|Any CPU = Release|Any CPU
	EndGlobalSection
	GlobalSection(ProjectConfigurationPlatforms) = postSolution
		{4620DF9C-968D-42FA-A284-A6BDDBCB3891}.Debug|Any CPU.ActiveCfg = Debug|Any CPU
		{4620DF9C-968D-42FA-A284-A6BDDBCB3891}.Debug|Any CPU.Build.0 = Debug|Any CPU
		{4620DF9C-968D-42FA-A284-A6BDDBCB3891}.Release|Any CPU.ActiveCfg = Release|Any CPU
		{4620DF9C-968D-42FA-A284-A6BDDBCB3891}.Release|Any CPU.Build.0 = Release|Any CPU
	EndGlobalSection
	GlobalSection(SolutionProperties) = preSolution
		HideSolutionNode = FALSE
	EndGlobalSection
	GlobalSection(ExtensibilityGlobals) = postSolution
		SolutionGuid = {26642306-4111-408C-82BF-FAD9D8CF727F}
	EndGlobalSection
EndGlobal
